
Microsoft Visual Studio Solution File, Format Version 12.00
# Visual Studio 15
VisualStudioVersion = 15.0.27428.2027
MinimumVisualStudioVersion = 10.0.40219.1
Project("{9A19103F-16F7-4668-BE54-9A1E7A4F7556}") = "Architect_InLes", "Architect_InLes\Architect_InLes.csproj", "{5951B2C2-1CF1-4017-BD6E-52B9D17935EE}"
EndProject
Project("{9A19103F-16F7-4668-BE54-9A1E7A4F7556}") = "BusinessFacade", "BusinessFacade\BusinessFacade.csproj", "{C0918DEA-F8A8-4FB8-9B60-3629D45C92B7}"
EndProject
Project("{FAE04EC0-301F-11D3-BF4B-00C04F79EFBC}") = "Data", "Data\Data.csproj", "{FD1FEBAA-D943-4E64-9074-C12F14D3D57E}"
EndProject
Global
	GlobalSection(SolutionConfigurationPlatforms) = preSolution
		Debug|Any CPU = Debug|Any CPU
		Release|Any CPU = Release|Any CPU
	EndGlobalSection
	GlobalSection(ProjectConfigurationPlatforms) = postSolution
		{5951B2C2-1CF1-4017-BD6E-52B9D17935EE}.Debug|Any CPU.ActiveCfg = Debug|Any CPU
		{5951B2C2-1CF1-4017-BD6E-52B9D17935EE}.Debug|Any CPU.Build.0 = Debug|Any CPU
		{5951B2C2-1CF1-4017-BD6E-52B9D17935EE}.Release|Any CPU.ActiveCfg = Release|Any CPU
		{5951B2C2-1CF1-4017-BD6E-52B9D17935EE}.Release|Any CPU.Build.0 = Release|Any CPU
		{C0918DEA-F8A8-4FB8-9B60-3629D45C92B7}.Debug|Any CPU.ActiveCfg = Debug|Any CPU
		{C0918DEA-F8A8-4FB8-9B60-3629D45C92B7}.Debug|Any CPU.Build.0 = Debug|Any CPU
		{C0918DEA-F8A8-4FB8-9B60-3629D45C92B7}.Release|Any CPU.ActiveCfg = Release|Any CPU
		{C0918DEA-F8A8-4FB8-9B60-3629D45C92B7}.Release|Any CPU.Build.0 = Release|Any CPU
		{FD1FEBAA-D943-4E64-9074-C12F14D3D57E}.Debug|Any CPU.ActiveCfg = Debug|Any CPU
		{FD1FEBAA-D943-4E64-9074-C12F14D3D57E}.Debug|Any CPU.Build.0 = Debug|Any CPU
		{FD1FEBAA-D943-4E64-9074-C12F14D3D57E}.Release|Any CPU.ActiveCfg = Release|Any CPU
		{FD1FEBAA-D943-4E64-9074-C12F14D3D57E}.Release|Any CPU.Build.0 = Release|Any CPU
	EndGlobalSection
	GlobalSection(SolutionProperties) = preSolution
		HideSolutionNode = FALSE
	EndGlobalSection
	GlobalSection(ExtensibilityGlobals) = postSolution
		SolutionGuid = {2C3AEBCD-DF7F-4FCE-BEB6-EDE29F7B7A17}
	EndGlobalSection
EndGlobal
